
Microsoft Visual Studio Solution File, Format Version 12.00
# Visual Studio Version 17
VisualStudioVersion = 17.11.35327.3
MinimumVisualStudioVersion = 10.0.40219.1
Project("{FAE04EC0-301F-11D3-BF4B-00C04F79EFBC}") = "A2_Coursework", "A2_Coursework\A2_Coursework.csproj", "{1B0FF4BB-6954-46CB-8916-770738A8FD2F}"
EndProject
Global
	GlobalSection(SolutionConfigurationPlatforms) = preSolution
		Debug|Any CPU = Debug|Any CPU
		Release|Any CPU = Release|Any CPU
	EndGlobalSection
	GlobalSection(ProjectConfigurationPlatforms) = postSolution
		{1B0FF4BB-6954-46CB-8916-770738A8FD2F}.Debug|Any CPU.ActiveCfg = Debug|Any CPU
		{1B0FF4BB-6954-46CB-8916-770738A8FD2F}.Debug|Any CPU.Build.0 = Debug|Any CPU
		{1B0FF4BB-6954-46CB-8916-770738A8FD2F}.Release|Any CPU.ActiveCfg = Release|Any CPU
		{1B0FF4BB-6954-46CB-8916-770738A8FD2F}.Release|Any CPU.Build.0 = Release|Any CPU
	EndGlobalSection
	GlobalSection(SolutionProperties) = preSolution
		HideSolutionNode = FALSE
	EndGlobalSection
	GlobalSection(ExtensibilityGlobals) = postSolution
		SolutionGuid = {1F983E5D-8B92-43F7-9F85-D67A15C1CBF8}
	EndGlobalSection
EndGlobal
